
Microsoft Visual Studio Solution File, Format Version 12.00
# Visual Studio Version 16
VisualStudioVersion = 16.0.29123.88
MinimumVisualStudioVersion = 10.0.40219.1
Project("{FAE04EC0-301F-11D3-BF4B-00C04F79EFBC}") = "PixelizadorLokasso", "PixelizadorLokasso\PixelizadorLokasso.csproj", "{4304756B-A1F9-4990-9CC9-DF7ED6B7DC82}"
EndProject
Global
	GlobalSection(SolutionConfigurationPlatforms) = preSolution
		Debug|Any CPU = Debug|Any CPU
		Release|Any CPU = Release|Any CPU
	EndGlobalSection
	GlobalSection(ProjectConfigurationPlatforms) = postSolution
		{4304756B-A1F9-4990-9CC9-DF7ED6B7DC82}.Debug|Any CPU.ActiveCfg = Debug|Any CPU
		{4304756B-A1F9-4990-9CC9-DF7ED6B7DC82}.Debug|Any CPU.Build.0 = Debug|Any CPU
		{4304756B-A1F9-4990-9CC9-DF7ED6B7DC82}.Release|Any CPU.ActiveCfg = Release|Any CPU
		{4304756B-A1F9-4990-9CC9-DF7ED6B7DC82}.Release|Any CPU.Build.0 = Release|Any CPU
	EndGlobalSection
	GlobalSection(SolutionProperties) = preSolution
		HideSolutionNode = FALSE
	EndGlobalSection
	GlobalSection(ExtensibilityGlobals) = postSolution
		SolutionGuid = {6F0921E5-55D3-49C1-B51D-137BCD6181B9}
	EndGlobalSection
EndGlobal
